
Microsoft Visual Studio Solution File, Format Version 12.00
# Visual Studio Version 16
VisualStudioVersion = 16.0.30002.166
MinimumVisualStudioVersion = 10.0.40219.1
Project("{8BC9CEB8-8B4A-11D0-8D11-00A0C91BC942}") = "graph", "graph.vcxproj", "{FC6E1704-94B4-4B50-8A3F-AF572B90F820}"
EndProject
Global
	GlobalSection(SolutionConfigurationPlatforms) = preSolution
		Debug|x64 = Debug|x64
		Debug|x86 = Debug|x86
		Release|x64 = Release|x64
		Release|x86 = Release|x86
	EndGlobalSection
	GlobalSection(ProjectConfigurationPlatforms) = postSolution
		{FC6E1704-94B4-4B50-8A3F-AF572B90F820}.Debug|x64.ActiveCfg = Debug|x64
		{FC6E1704-94B4-4B50-8A3F-AF572B90F820}.Debug|x64.Build.0 = Debug|x64
		{FC6E1704-94B4-4B50-8A3F-AF572B90F820}.Debug|x86.ActiveCfg = Debug|Win32
		{FC6E1704-94B4-4B50-8A3F-AF572B90F820}.Debug|x86.Build.0 = Debug|Win32
		{FC6E1704-94B4-4B50-8A3F-AF572B90F820}.Release|x64.ActiveCfg = Release|x64
		{FC6E1704-94B4-4B50-8A3F-AF572B90F820}.Release|x64.Build.0 = Release|x64
		{FC6E1704-94B4-4B50-8A3F-AF572B90F820}.Release|x86.ActiveCfg = Release|Win32
		{FC6E1704-94B4-4B50-8A3F-AF572B90F820}.Release|x86.Build.0 = Release|Win32
	EndGlobalSection
	GlobalSection(SolutionProperties) = preSolution
		HideSolutionNode = FALSE
	EndGlobalSection
	GlobalSection(ExtensibilityGlobals) = postSolution
		SolutionGuid = {F258FC98-6F9D-447F-A90B-75A0EFFE0595}
	EndGlobalSection
EndGlobal
