
Microsoft Visual Studio Solution File, Format Version 12.00
# Visual Studio Version 16
VisualStudioVersion = 16.0.30002.166
MinimumVisualStudioVersion = 10.0.40219.1
Project("{8BC9CEB8-8B4A-11D0-8D11-00A0C91BC942}") = "ch06", "ch06.vcxproj", "{B0BD0EED-A8A8-4F4D-A40F-0F6E04E324A3}"
EndProject
Global
	GlobalSection(SolutionConfigurationPlatforms) = preSolution
		Debug|x64 = Debug|x64
		Debug|x86 = Debug|x86
		Release|x64 = Release|x64
		Release|x86 = Release|x86
	EndGlobalSection
	GlobalSection(ProjectConfigurationPlatforms) = postSolution
		{B0BD0EED-A8A8-4F4D-A40F-0F6E04E324A3}.Debug|x64.ActiveCfg = Debug|x64
		{B0BD0EED-A8A8-4F4D-A40F-0F6E04E324A3}.Debug|x64.Build.0 = Debug|x64
		{B0BD0EED-A8A8-4F4D-A40F-0F6E04E324A3}.Debug|x86.ActiveCfg = Debug|Win32
		{B0BD0EED-A8A8-4F4D-A40F-0F6E04E324A3}.Debug|x86.Build.0 = Debug|Win32
		{B0BD0EED-A8A8-4F4D-A40F-0F6E04E324A3}.Release|x64.ActiveCfg = Release|x64
		{B0BD0EED-A8A8-4F4D-A40F-0F6E04E324A3}.Release|x64.Build.0 = Release|x64
		{B0BD0EED-A8A8-4F4D-A40F-0F6E04E324A3}.Release|x86.ActiveCfg = Release|Win32
		{B0BD0EED-A8A8-4F4D-A40F-0F6E04E324A3}.Release|x86.Build.0 = Release|Win32
	EndGlobalSection
	GlobalSection(SolutionProperties) = preSolution
		HideSolutionNode = FALSE
	EndGlobalSection
	GlobalSection(ExtensibilityGlobals) = postSolution
		SolutionGuid = {453287AA-81D0-4BF0-BB17-D17A7295AD8F}
	EndGlobalSection
EndGlobal
